
Microsoft Visual Studio Solution File, Format Version 12.00
# Visual Studio Version 16
VisualStudioVersion = 16.0.31105.61
MinimumVisualStudioVersion = 10.0.40219.1
Project("{FAE04EC0-301F-11D3-BF4B-00C04F79EFBC}") = "DebugSquadApp", "DebugSquadApp\DebugSquadApp.csproj", "{D51F8E9B-5C21-4825-BF48-BDA88E90D8CB}"
EndProject
Project("{9A19103F-16F7-4668-BE54-9A1E7A4F7556}") = "AppBL", "AppBL\AppBL.csproj", "{4052DDAE-5928-4022-A052-FD2BC8BF830D}"
EndProject
Project("{9A19103F-16F7-4668-BE54-9A1E7A4F7556}") = "AppDL", "AppDL\AppDL.csproj", "{07AEE89B-5213-4608-B7C0-8831FF372B71}"
EndProject
Project("{FAE04EC0-301F-11D3-BF4B-00C04F79EFBC}") = "AppMVC", "AppMVC\AppMVC.csproj", "{FA185959-9EFC-4E9E-B225-B14C6F77DCD7}"
EndProject
Project("{9A19103F-16F7-4668-BE54-9A1E7A4F7556}") = "AppModels", "AppModles\AppModels.csproj", "{7B047BEF-580E-428E-99D0-EF39ECE642EB}"
EndProject
Global
	GlobalSection(SolutionConfigurationPlatforms) = preSolution
		Debug|Any CPU = Debug|Any CPU
		Release|Any CPU = Release|Any CPU
	EndGlobalSection
	GlobalSection(ProjectConfigurationPlatforms) = postSolution
		{D51F8E9B-5C21-4825-BF48-BDA88E90D8CB}.Debug|Any CPU.ActiveCfg = Debug|Any CPU
		{D51F8E9B-5C21-4825-BF48-BDA88E90D8CB}.Debug|Any CPU.Build.0 = Debug|Any CPU
		{D51F8E9B-5C21-4825-BF48-BDA88E90D8CB}.Release|Any CPU.ActiveCfg = Release|Any CPU
		{D51F8E9B-5C21-4825-BF48-BDA88E90D8CB}.Release|Any CPU.Build.0 = Release|Any CPU
		{4052DDAE-5928-4022-A052-FD2BC8BF830D}.Debug|Any CPU.ActiveCfg = Debug|Any CPU
		{4052DDAE-5928-4022-A052-FD2BC8BF830D}.Debug|Any CPU.Build.0 = Debug|Any CPU
		{4052DDAE-5928-4022-A052-FD2BC8BF830D}.Release|Any CPU.ActiveCfg = Release|Any CPU
		{4052DDAE-5928-4022-A052-FD2BC8BF830D}.Release|Any CPU.Build.0 = Release|Any CPU
		{07AEE89B-5213-4608-B7C0-8831FF372B71}.Debug|Any CPU.ActiveCfg = Debug|Any CPU
		{07AEE89B-5213-4608-B7C0-8831FF372B71}.Debug|Any CPU.Build.0 = Debug|Any CPU
		{07AEE89B-5213-4608-B7C0-8831FF372B71}.Release|Any CPU.ActiveCfg = Release|Any CPU
		{07AEE89B-5213-4608-B7C0-8831FF372B71}.Release|Any CPU.Build.0 = Release|Any CPU
		{FA185959-9EFC-4E9E-B225-B14C6F77DCD7}.Debug|Any CPU.ActiveCfg = Debug|Any CPU
		{FA185959-9EFC-4E9E-B225-B14C6F77DCD7}.Debug|Any CPU.Build.0 = Debug|Any CPU
		{FA185959-9EFC-4E9E-B225-B14C6F77DCD7}.Release|Any CPU.ActiveCfg = Release|Any CPU
		{FA185959-9EFC-4E9E-B225-B14C6F77DCD7}.Release|Any CPU.Build.0 = Release|Any CPU
		{7B047BEF-580E-428E-99D0-EF39ECE642EB}.Debug|Any CPU.ActiveCfg = Debug|Any CPU
		{7B047BEF-580E-428E-99D0-EF39ECE642EB}.Debug|Any CPU.Build.0 = Debug|Any CPU
		{7B047BEF-580E-428E-99D0-EF39ECE642EB}.Release|Any CPU.ActiveCfg = Release|Any CPU
		{7B047BEF-580E-428E-99D0-EF39ECE642EB}.Release|Any CPU.Build.0 = Release|Any CPU
	EndGlobalSection
	GlobalSection(SolutionProperties) = preSolution
		HideSolutionNode = FALSE
	EndGlobalSection
	GlobalSection(ExtensibilityGlobals) = postSolution
		SolutionGuid = {E57ACCAC-304A-4ABD-A6CF-C59357723183}
	EndGlobalSection
EndGlobal
